// !$*UTF8*$!
{
	archiveVersion = 1;
	classes = {
	};
	objectVersion = 55;
	objects = {

/* Begin PBXBuildFile section */
		7E39EA9A281F348E0073A591 /* RegisterContracts.swift in Sources */ = {isa = PBXBuildFile; fileRef = 7E39EA99281F348E0073A591 /* RegisterContracts.swift */; };
		7E39EA9C281F34960073A591 /* RegisterInteractor.swift in Sources */ = {isa = PBXBuildFile; fileRef = 7E39EA9B281F34960073A591 /* RegisterInteractor.swift */; };
		7E39EA9E281F34A00073A591 /* RegisterPresenter.swift in Sources */ = {isa = PBXBuildFile; fileRef = 7E39EA9D281F34A00073A591 /* RegisterPresenter.swift */; };
		7E39EAA0281F34A80073A591 /* RegisterRouter.swift in Sources */ = {isa = PBXBuildFile; fileRef = 7E39EA9F281F34A80073A591 /* RegisterRouter.swift */; };
		7E41D4C3281EE64F004E198E /* ButtonTypes.swift in Sources */ = {isa = PBXBuildFile; fileRef = 7E41D4C2281EE64F004E198E /* ButtonTypes.swift */; };
		7E5A3F94282571BE00D70F69 /* GoogleService-Info.plist in Resources */ = {isa = PBXBuildFile; fileRef = 7E5A3F93282571BE00D70F69 /* GoogleService-Info.plist */; };
		7E5A3F9A282578CD00D70F69 /* MovieDB-Wrapper in Frameworks */ = {isa = PBXBuildFile; productRef = 7E5A3F99282578CD00D70F69 /* MovieDB-Wrapper */; };
		7E5A3F9D28257BA700D70F69 /* FirebaseAnalytics in Frameworks */ = {isa = PBXBuildFile; productRef = 7E5A3F9C28257BA700D70F69 /* FirebaseAnalytics */; };
		7E5A3F9F28257BA700D70F69 /* FirebaseAnalyticsSwift in Frameworks */ = {isa = PBXBuildFile; productRef = 7E5A3F9E28257BA700D70F69 /* FirebaseAnalyticsSwift */; };
		7E5A3FA128257BA700D70F69 /* FirebaseAuth in Frameworks */ = {isa = PBXBuildFile; productRef = 7E5A3FA028257BA700D70F69 /* FirebaseAuth */; };
		7E5A3FA328257BA700D70F69 /* FirebaseCrashlytics in Frameworks */ = {isa = PBXBuildFile; productRef = 7E5A3FA228257BA700D70F69 /* FirebaseCrashlytics */; };
		7E5A3FA528257BA700D70F69 /* FirebaseDynamicLinks in Frameworks */ = {isa = PBXBuildFile; productRef = 7E5A3FA428257BA700D70F69 /* FirebaseDynamicLinks */; };
		7E5A3FA82825852500D70F69 /* GoogleSignIn in Frameworks */ = {isa = PBXBuildFile; productRef = 7E5A3FA72825852500D70F69 /* GoogleSignIn */; };
		7E5B9061281FE1BD00D0B278 /* Constants.swift in Sources */ = {isa = PBXBuildFile; fileRef = 7E5B9060281FE1BD00D0B278 /* Constants.swift */; };
		7E5B9064281FE86A00D0B278 /* UIViewController+Ex.swift in Sources */ = {isa = PBXBuildFile; fileRef = 7E5B9063281FE86A00D0B278 /* UIViewController+Ex.swift */; };
		7E68504F281F1BFA007C15B0 /* LoginViewController.swift in Sources */ = {isa = PBXBuildFile; fileRef = 7E68504E281F1BFA007C15B0 /* LoginViewController.swift */; };
		7E685051281F1C00007C15B0 /* LoginBuilder.swift in Sources */ = {isa = PBXBuildFile; fileRef = 7E685050281F1C00007C15B0 /* LoginBuilder.swift */; };
		7E685058281F2AD1007C15B0 /* LoginContracts.swift in Sources */ = {isa = PBXBuildFile; fileRef = 7E685057281F2AD1007C15B0 /* LoginContracts.swift */; };
		7E68505A281F2ADD007C15B0 /* LoginInteractor.swift in Sources */ = {isa = PBXBuildFile; fileRef = 7E685059281F2ADD007C15B0 /* LoginInteractor.swift */; };
		7E68505C281F2AE3007C15B0 /* LoginPresenter.swift in Sources */ = {isa = PBXBuildFile; fileRef = 7E68505B281F2AE3007C15B0 /* LoginPresenter.swift */; };
		7E68505E281F2AED007C15B0 /* LoginRouter.swift in Sources */ = {isa = PBXBuildFile; fileRef = 7E68505D281F2AED007C15B0 /* LoginRouter.swift */; };
		7E8A7B92281EAB13000676EC /* HomeMovies.swift in Sources */ = {isa = PBXBuildFile; fileRef = 7E8A7B91281EAB13000676EC /* HomeMovies.swift */; };
		7E8A7B94281EACF6000676EC /* MV-Components in Frameworks */ = {isa = PBXBuildFile; productRef = 7E8A7B93281EACF6000676EC /* MV-Components */; };
		7E8A7B9A281EBB0E000676EC /* AuthContainerViewController.swift in Sources */ = {isa = PBXBuildFile; fileRef = 7E8A7B99281EBB0E000676EC /* AuthContainerViewController.swift */; };
		7E8A7B9C281EBC4F000676EC /* AuthAppleViewController.swift in Sources */ = {isa = PBXBuildFile; fileRef = 7E8A7B9B281EBC4F000676EC /* AuthAppleViewController.swift */; };
		7E8A7B9E281EBCA6000676EC /* AuthGoogleViewController.swift in Sources */ = {isa = PBXBuildFile; fileRef = 7E8A7B9D281EBCA6000676EC /* AuthGoogleViewController.swift */; };
		7E8A7BA1281EC884000676EC /* RegisterBuilder.swift in Sources */ = {isa = PBXBuildFile; fileRef = 7E8A7BA0281EC884000676EC /* RegisterBuilder.swift */; };
		7E8A7BA3281EC88A000676EC /* RegisterViewController.swift in Sources */ = {isa = PBXBuildFile; fileRef = 7E8A7BA2281EC88A000676EC /* RegisterViewController.swift */; };
		7EC7E8B4281F4467003155F1 /* BaseAuthViewController.swift in Sources */ = {isa = PBXBuildFile; fileRef = 7EC7E8B3281F4467003155F1 /* BaseAuthViewController.swift */; };
		7EC7E8B8281F481D003155F1 /* SelectAuthController.swift in Sources */ = {isa = PBXBuildFile; fileRef = 7EC7E8B7281F481D003155F1 /* SelectAuthController.swift */; };
		7EF7318E281D906600A1CFE9 /* AppDelegate.swift in Sources */ = {isa = PBXBuildFile; fileRef = 7EF7318D281D906600A1CFE9 /* AppDelegate.swift */; };
		7EF73190281D906600A1CFE9 /* SceneDelegate.swift in Sources */ = {isa = PBXBuildFile; fileRef = 7EF7318F281D906600A1CFE9 /* SceneDelegate.swift */; };
		7EF73197281D906700A1CFE9 /* Assets.xcassets in Resources */ = {isa = PBXBuildFile; fileRef = 7EF73196281D906700A1CFE9 /* Assets.xcassets */; };
		7EF7319A281D906700A1CFE9 /* LaunchScreen.storyboard in Resources */ = {isa = PBXBuildFile; fileRef = 7EF73198281D906700A1CFE9 /* LaunchScreen.storyboard */; };
		7EF731A3281D907300A1CFE9 /* MovieDB-Wrapper in Frameworks */ = {isa = PBXBuildFile; productRef = 7EF731A2281D907300A1CFE9 /* MovieDB-Wrapper */; };
		7EF731A9281D90DA00A1CFE9 /* HomeViewController.swift in Sources */ = {isa = PBXBuildFile; fileRef = 7EF731A8281D90DA00A1CFE9 /* HomeViewController.swift */; };
		7EF731AB281D90F500A1CFE9 /* HomeContracts.swift in Sources */ = {isa = PBXBuildFile; fileRef = 7EF731AA281D90F500A1CFE9 /* HomeContracts.swift */; };
		7EF731AD281D90FB00A1CFE9 /* HomeBuilder.swift in Sources */ = {isa = PBXBuildFile; fileRef = 7EF731AC281D90FB00A1CFE9 /* HomeBuilder.swift */; };
		7EF731AF281D910000A1CFE9 /* HomePresenter.swift in Sources */ = {isa = PBXBuildFile; fileRef = 7EF731AE281D910000A1CFE9 /* HomePresenter.swift */; };
		7EF731B1281D910900A1CFE9 /* HomeInteractor.swift in Sources */ = {isa = PBXBuildFile; fileRef = 7EF731B0281D910900A1CFE9 /* HomeInteractor.swift */; };
		7EF731B3281D911000A1CFE9 /* HomeRouter.swift in Sources */ = {isa = PBXBuildFile; fileRef = 7EF731B2281D911000A1CFE9 /* HomeRouter.swift */; };
		7EF731B9281D917E00A1CFE9 /* AppContainer.swift in Sources */ = {isa = PBXBuildFile; fileRef = 7EF731B8281D917E00A1CFE9 /* AppContainer.swift */; };
		7EF731BB281D918F00A1CFE9 /* AppRouter.swift in Sources */ = {isa = PBXBuildFile; fileRef = 7EF731BA281D918F00A1CFE9 /* AppRouter.swift */; };
		7EF731BF281D9B3100A1CFE9 /* PopularMoviesPresentation.swift in Sources */ = {isa = PBXBuildFile; fileRef = 7EF731BE281D9B3100A1CFE9 /* PopularMoviesPresentation.swift */; };
		7EF731C1281D9B7C00A1CFE9 /* TopRatedMoviesPresentation.swift in Sources */ = {isa = PBXBuildFile; fileRef = 7EF731C0281D9B7C00A1CFE9 /* TopRatedMoviesPresentation.swift */; };
/* End PBXBuildFile section */

/* Begin PBXFileReference section */
		7E39EA99281F348E0073A591 /* RegisterContracts.swift */ = {isa = PBXFileReference; lastKnownFileType = sourcecode.swift; path = RegisterContracts.swift; sourceTree = "<group>"; };
		7E39EA9B281F34960073A591 /* RegisterInteractor.swift */ = {isa = PBXFileReference; lastKnownFileType = sourcecode.swift; path = RegisterInteractor.swift; sourceTree = "<group>"; };
		7E39EA9D281F34A00073A591 /* RegisterPresenter.swift */ = {isa = PBXFileReference; lastKnownFileType = sourcecode.swift; path = RegisterPresenter.swift; sourceTree = "<group>"; };
		7E39EA9F281F34A80073A591 /* RegisterRouter.swift */ = {isa = PBXFileReference; lastKnownFileType = sourcecode.swift; path = RegisterRouter.swift; sourceTree = "<group>"; };
		7E41D4C2281EE64F004E198E /* ButtonTypes.swift */ = {isa = PBXFileReference; lastKnownFileType = sourcecode.swift; path = ButtonTypes.swift; sourceTree = "<group>"; };
		7E5A3F922825331400D70F69 /* SigninWithApple.entitlements */ = {isa = PBXFileReference; lastKnownFileType = text.plist.entitlements; path = SigninWithApple.entitlements; sourceTree = "<group>"; };
		7E5A3F93282571BE00D70F69 /* GoogleService-Info.plist */ = {isa = PBXFileReference; fileEncoding = 4; lastKnownFileType = text.plist.xml; path = "GoogleService-Info.plist"; sourceTree = "<group>"; };
		7E5B9060281FE1BD00D0B278 /* Constants.swift */ = {isa = PBXFileReference; lastKnownFileType = sourcecode.swift; path = Constants.swift; sourceTree = "<group>"; };
		7E5B9063281FE86A00D0B278 /* UIViewController+Ex.swift */ = {isa = PBXFileReference; lastKnownFileType = sourcecode.swift; path = "UIViewController+Ex.swift"; sourceTree = "<group>"; };
		7E68504E281F1BFA007C15B0 /* LoginViewController.swift */ = {isa = PBXFileReference; lastKnownFileType = sourcecode.swift; path = LoginViewController.swift; sourceTree = "<group>"; };
		7E685050281F1C00007C15B0 /* LoginBuilder.swift */ = {isa = PBXFileReference; lastKnownFileType = sourcecode.swift; path = LoginBuilder.swift; sourceTree = "<group>"; };
		7E685057281F2AD1007C15B0 /* LoginContracts.swift */ = {isa = PBXFileReference; lastKnownFileType = sourcecode.swift; path = LoginContracts.swift; sourceTree = "<group>"; };
		7E685059281F2ADD007C15B0 /* LoginInteractor.swift */ = {isa = PBXFileReference; lastKnownFileType = sourcecode.swift; path = LoginInteractor.swift; sourceTree = "<group>"; };
		7E68505B281F2AE3007C15B0 /* LoginPresenter.swift */ = {isa = PBXFileReference; lastKnownFileType = sourcecode.swift; path = LoginPresenter.swift; sourceTree = "<group>"; };
		7E68505D281F2AED007C15B0 /* LoginRouter.swift */ = {isa = PBXFileReference; lastKnownFileType = sourcecode.swift; path = LoginRouter.swift; sourceTree = "<group>"; };
		7E8A7B91281EAB13000676EC /* HomeMovies.swift */ = {isa = PBXFileReference; lastKnownFileType = sourcecode.swift; path = HomeMovies.swift; sourceTree = "<group>"; };
		7E8A7B99281EBB0E000676EC /* AuthContainerViewController.swift */ = {isa = PBXFileReference; lastKnownFileType = sourcecode.swift; path = AuthContainerViewController.swift; sourceTree = "<group>"; };
		7E8A7B9B281EBC4F000676EC /* AuthAppleViewController.swift */ = {isa = PBXFileReference; lastKnownFileType = sourcecode.swift; path = AuthAppleViewController.swift; sourceTree = "<group>"; };
		7E8A7B9D281EBCA6000676EC /* AuthGoogleViewController.swift */ = {isa = PBXFileReference; lastKnownFileType = sourcecode.swift; path = AuthGoogleViewController.swift; sourceTree = "<group>"; };
		7E8A7BA0281EC884000676EC /* RegisterBuilder.swift */ = {isa = PBXFileReference; lastKnownFileType = sourcecode.swift; path = RegisterBuilder.swift; sourceTree = "<group>"; };
		7E8A7BA2281EC88A000676EC /* RegisterViewController.swift */ = {isa = PBXFileReference; lastKnownFileType = sourcecode.swift; path = RegisterViewController.swift; sourceTree = "<group>"; };
		7EC7E8B3281F4467003155F1 /* BaseAuthViewController.swift */ = {isa = PBXFileReference; lastKnownFileType = sourcecode.swift; path = BaseAuthViewController.swift; sourceTree = "<group>"; };
		7EC7E8B7281F481D003155F1 /* SelectAuthController.swift */ = {isa = PBXFileReference; lastKnownFileType = sourcecode.swift; path = SelectAuthController.swift; sourceTree = "<group>"; };
		7EF7318A281D906600A1CFE9 /* MV-MovieApp.app */ = {isa = PBXFileReference; explicitFileType = wrapper.application; includeInIndex = 0; path = "MV-MovieApp.app"; sourceTree = BUILT_PRODUCTS_DIR; };
		7EF7318D281D906600A1CFE9 /* AppDelegate.swift */ = {isa = PBXFileReference; lastKnownFileType = sourcecode.swift; path = AppDelegate.swift; sourceTree = "<group>"; };
		7EF7318F281D906600A1CFE9 /* SceneDelegate.swift */ = {isa = PBXFileReference; lastKnownFileType = sourcecode.swift; path = SceneDelegate.swift; sourceTree = "<group>"; };
		7EF73196281D906700A1CFE9 /* Assets.xcassets */ = {isa = PBXFileReference; lastKnownFileType = folder.assetcatalog; path = Assets.xcassets; sourceTree = "<group>"; };
		7EF73199281D906700A1CFE9 /* Base */ = {isa = PBXFileReference; lastKnownFileType = file.storyboard; name = Base; path = Base.lproj/LaunchScreen.storyboard; sourceTree = "<group>"; };
		7EF7319B281D906700A1CFE9 /* Info.plist */ = {isa = PBXFileReference; lastKnownFileType = text.plist.xml; path = Info.plist; sourceTree = "<group>"; };
		7EF731A8281D90DA00A1CFE9 /* HomeViewController.swift */ = {isa = PBXFileReference; lastKnownFileType = sourcecode.swift; path = HomeViewController.swift; sourceTree = "<group>"; };
		7EF731AA281D90F500A1CFE9 /* HomeContracts.swift */ = {isa = PBXFileReference; lastKnownFileType = sourcecode.swift; path = HomeContracts.swift; sourceTree = "<group>"; };
		7EF731AC281D90FB00A1CFE9 /* HomeBuilder.swift */ = {isa = PBXFileReference; lastKnownFileType = sourcecode.swift; path = HomeBuilder.swift; sourceTree = "<group>"; };
		7EF731AE281D910000A1CFE9 /* HomePresenter.swift */ = {isa = PBXFileReference; lastKnownFileType = sourcecode.swift; path = HomePresenter.swift; sourceTree = "<group>"; };
		7EF731B0281D910900A1CFE9 /* HomeInteractor.swift */ = {isa = PBXFileReference; lastKnownFileType = sourcecode.swift; path = HomeInteractor.swift; sourceTree = "<group>"; };
		7EF731B2281D911000A1CFE9 /* HomeRouter.swift */ = {isa = PBXFileReference; lastKnownFileType = sourcecode.swift; path = HomeRouter.swift; sourceTree = "<group>"; };
		7EF731B8281D917E00A1CFE9 /* AppContainer.swift */ = {isa = PBXFileReference; lastKnownFileType = sourcecode.swift; path = AppContainer.swift; sourceTree = "<group>"; };
		7EF731BA281D918F00A1CFE9 /* AppRouter.swift */ = {isa = PBXFileReference; lastKnownFileType = sourcecode.swift; path = AppRouter.swift; sourceTree = "<group>"; };
		7EF731BE281D9B3100A1CFE9 /* PopularMoviesPresentation.swift */ = {isa = PBXFileReference; lastKnownFileType = sourcecode.swift; path = PopularMoviesPresentation.swift; sourceTree = "<group>"; };
		7EF731C0281D9B7C00A1CFE9 /* TopRatedMoviesPresentation.swift */ = {isa = PBXFileReference; lastKnownFileType = sourcecode.swift; path = TopRatedMoviesPresentation.swift; sourceTree = "<group>"; };
/* End PBXFileReference section */

/* Begin PBXFrameworksBuildPhase section */
		7EF73187281D906600A1CFE9 /* Frameworks */ = {
			isa = PBXFrameworksBuildPhase;
			buildActionMask = 2147483647;
			files = (
				7EF731A3281D907300A1CFE9 /* MovieDB-Wrapper in Frameworks */,
				7E5A3FA128257BA700D70F69 /* FirebaseAuth in Frameworks */,
				7E5A3F9A282578CD00D70F69 /* MovieDB-Wrapper in Frameworks */,
				7E5A3FA528257BA700D70F69 /* FirebaseDynamicLinks in Frameworks */,
				7E5A3FA328257BA700D70F69 /* FirebaseCrashlytics in Frameworks */,
				7E5A3F9D28257BA700D70F69 /* FirebaseAnalytics in Frameworks */,
				7E8A7B94281EACF6000676EC /* MV-Components in Frameworks */,
				7E5A3F9F28257BA700D70F69 /* FirebaseAnalyticsSwift in Frameworks */,
				7E5A3FA82825852500D70F69 /* GoogleSignIn in Frameworks */,
			);
			runOnlyForDeploymentPostprocessing = 0;
		};
/* End PBXFrameworksBuildPhase section */

/* Begin PBXGroup section */
		7E41D4C4281F1BD5004E198E /* Login */ = {
			isa = PBXGroup;
			children = (
				7E685050281F1C00007C15B0 /* LoginBuilder.swift */,
				7E685057281F2AD1007C15B0 /* LoginContracts.swift */,
				7E685059281F2ADD007C15B0 /* LoginInteractor.swift */,
				7E68505B281F2AE3007C15B0 /* LoginPresenter.swift */,
				7E68505D281F2AED007C15B0 /* LoginRouter.swift */,
				7E68504E281F1BFA007C15B0 /* LoginViewController.swift */,
			);
			path = Login;
			sourceTree = "<group>";
		};
		7E5B9062281FE1C100D0B278 /* Contants */ = {
			isa = PBXGroup;
			children = (
				7E5B9060281FE1BD00D0B278 /* Constants.swift */,
			);
			path = Contants;
			sourceTree = "<group>";
		};
		7E685053281F1E51007C15B0 /* Extentions */ = {
			isa = PBXGroup;
			children = (
				7E5B9063281FE86A00D0B278 /* UIViewController+Ex.swift */,
			);
			path = Extentions;
			sourceTree = "<group>";
		};
		7E685056281F289E007C15B0 /* Authenticate */ = {
			isa = PBXGroup;
			children = (
				7EC7E8B2281F4454003155F1 /* Base */,
				7E41D4C4281F1BD5004E198E /* Login */,
				7E8A7B9F281EC87D000676EC /* Register */,
			);
			path = Authenticate;
			sourceTree = "<group>";
		};
		7E8A7B95281EBAC6000676EC /* Components */ = {
			isa = PBXGroup;
			children = (
				7E8A7B98281EBAF7000676EC /* Child */,
				7E8A7B97281EBAF4000676EC /* Parent */,
			);
			path = Components;
			sourceTree = "<group>";
		};
		7E8A7B97281EBAF4000676EC /* Parent */ = {
			isa = PBXGroup;
			children = (
				7E8A7B99281EBB0E000676EC /* AuthContainerViewController.swift */,
			);
			path = Parent;
			sourceTree = "<group>";
		};
		7E8A7B98281EBAF7000676EC /* Child */ = {
			isa = PBXGroup;
			children = (
				7E8A7B9B281EBC4F000676EC /* AuthAppleViewController.swift */,
				7E8A7B9D281EBCA6000676EC /* AuthGoogleViewController.swift */,
			);
			path = Child;
			sourceTree = "<group>";
		};
		7E8A7B9F281EC87D000676EC /* Register */ = {
			isa = PBXGroup;
			children = (
				7E8A7BA0281EC884000676EC /* RegisterBuilder.swift */,
				7E39EA99281F348E0073A591 /* RegisterContracts.swift */,
				7E39EA9B281F34960073A591 /* RegisterInteractor.swift */,
				7E39EA9D281F34A00073A591 /* RegisterPresenter.swift */,
				7E39EA9F281F34A80073A591 /* RegisterRouter.swift */,
				7E8A7BA2281EC88A000676EC /* RegisterViewController.swift */,
			);
			path = Register;
			sourceTree = "<group>";
		};
		7EC7E8B2281F4454003155F1 /* Base */ = {
			isa = PBXGroup;
			children = (
				7E8A7B95281EBAC6000676EC /* Components */,
				7EC7E8B3281F4467003155F1 /* BaseAuthViewController.swift */,
			);
			path = Base;
			sourceTree = "<group>";
		};
		7EF73181281D906600A1CFE9 = {
			isa = PBXGroup;
			children = (
				7EF7318C281D906600A1CFE9 /* MV-MovieApp */,
				7EF7318B281D906600A1CFE9 /* Products */,
				7EF731A1281D907300A1CFE9 /* Frameworks */,
			);
			sourceTree = "<group>";
		};
		7EF7318B281D906600A1CFE9 /* Products */ = {
			isa = PBXGroup;
			children = (
				7EF7318A281D906600A1CFE9 /* MV-MovieApp.app */,
			);
			name = Products;
			sourceTree = "<group>";
		};
		7EF7318C281D906600A1CFE9 /* MV-MovieApp */ = {
			isa = PBXGroup;
			children = (
				7E5A3F922825331400D70F69 /* SigninWithApple.entitlements */,
				7EF731A4281D90AE00A1CFE9 /* App */,
				7EF731BC281D9B0600A1CFE9 /* Commons */,
				7EF731A6281D90CC00A1CFE9 /* Scenes */,
				7EF731A5281D90BB00A1CFE9 /* Supporting Files */,
				7EF731C2281D9D8300A1CFE9 /* Helpers */,
				7EF7319B281D906700A1CFE9 /* Info.plist */,
				7E5A3F93282571BE00D70F69 /* GoogleService-Info.plist */,
			);
			path = "MV-MovieApp";
			sourceTree = "<group>";
		};
		7EF731A1281D907300A1CFE9 /* Frameworks */ = {
			isa = PBXGroup;
			children = (
			);
			name = Frameworks;
			sourceTree = "<group>";
		};
		7EF731A4281D90AE00A1CFE9 /* App */ = {
			isa = PBXGroup;
			children = (
				7EF7318D281D906600A1CFE9 /* AppDelegate.swift */,
				7EF7318F281D906600A1CFE9 /* SceneDelegate.swift */,
				7EF731B8281D917E00A1CFE9 /* AppContainer.swift */,
				7EF731BA281D918F00A1CFE9 /* AppRouter.swift */,
			);
			path = App;
			sourceTree = "<group>";
		};
		7EF731A5281D90BB00A1CFE9 /* Supporting Files */ = {
			isa = PBXGroup;
			children = (
				7EF73196281D906700A1CFE9 /* Assets.xcassets */,
				7EF73198281D906700A1CFE9 /* LaunchScreen.storyboard */,
			);
			path = "Supporting Files";
			sourceTree = "<group>";
		};
		7EF731A6281D90CC00A1CFE9 /* Scenes */ = {
			isa = PBXGroup;
			children = (
				7E685056281F289E007C15B0 /* Authenticate */,
				7EF731A7281D90D300A1CFE9 /* Home */,
			);
			path = Scenes;
			sourceTree = "<group>";
		};
		7EF731A7281D90D300A1CFE9 /* Home */ = {
			isa = PBXGroup;
			children = (
				7EF731AC281D90FB00A1CFE9 /* HomeBuilder.swift */,
				7EF731AA281D90F500A1CFE9 /* HomeContracts.swift */,
				7EF731B0281D910900A1CFE9 /* HomeInteractor.swift */,
				7EF731AE281D910000A1CFE9 /* HomePresenter.swift */,
				7EF731B2281D911000A1CFE9 /* HomeRouter.swift */,
				7EF731A8281D90DA00A1CFE9 /* HomeViewController.swift */,
			);
			path = Home;
			sourceTree = "<group>";
		};
		7EF731BC281D9B0600A1CFE9 /* Commons */ = {
			isa = PBXGroup;
			children = (
				7E5B9062281FE1C100D0B278 /* Contants */,
				7E685053281F1E51007C15B0 /* Extentions */,
				7EF731BD281D9B0E00A1CFE9 /* Presentations */,
			);
			path = Commons;
			sourceTree = "<group>";
		};
		7EF731BD281D9B0E00A1CFE9 /* Presentations */ = {
			isa = PBXGroup;
			children = (
				7EF731BE281D9B3100A1CFE9 /* PopularMoviesPresentation.swift */,
				7EF731C0281D9B7C00A1CFE9 /* TopRatedMoviesPresentation.swift */,
			);
			path = Presentations;
			sourceTree = "<group>";
		};
		7EF731C2281D9D8300A1CFE9 /* Helpers */ = {
			isa = PBXGroup;
			children = (
				7E8A7B91281EAB13000676EC /* HomeMovies.swift */,
				7E41D4C2281EE64F004E198E /* ButtonTypes.swift */,
				7EC7E8B7281F481D003155F1 /* SelectAuthController.swift */,
			);
			path = Helpers;
			sourceTree = "<group>";
		};
/* End PBXGroup section */

/* Begin PBXNativeTarget section */
		7EF73189281D906600A1CFE9 /* MV-MovieApp */ = {
			isa = PBXNativeTarget;
			buildConfigurationList = 7EF7319E281D906700A1CFE9 /* Build configuration list for PBXNativeTarget "MV-MovieApp" */;
			buildPhases = (
				7EF73186281D906600A1CFE9 /* Sources */,
				7EF73187281D906600A1CFE9 /* Frameworks */,
				7EF73188281D906600A1CFE9 /* Resources */,
			);
			buildRules = (
			);
			dependencies = (
			);
			name = "MV-MovieApp";
			packageProductDependencies = (
				7EF731A2281D907300A1CFE9 /* MovieDB-Wrapper */,
				7E8A7B93281EACF6000676EC /* MV-Components */,
				7E5A3F99282578CD00D70F69 /* MovieDB-Wrapper */,
				7E5A3F9C28257BA700D70F69 /* FirebaseAnalytics */,
				7E5A3F9E28257BA700D70F69 /* FirebaseAnalyticsSwift */,
				7E5A3FA028257BA700D70F69 /* FirebaseAuth */,
				7E5A3FA228257BA700D70F69 /* FirebaseCrashlytics */,
				7E5A3FA428257BA700D70F69 /* FirebaseDynamicLinks */,
				7E5A3FA72825852500D70F69 /* GoogleSignIn */,
			);
			productName = "MV-MovieApp";
			productReference = 7EF7318A281D906600A1CFE9 /* MV-MovieApp.app */;
			productType = "com.apple.product-type.application";
		};
/* End PBXNativeTarget section */

/* Begin PBXProject section */
		7EF73182281D906600A1CFE9 /* Project object */ = {
			isa = PBXProject;
			attributes = {
				BuildIndependentTargetsInParallel = 1;
				LastSwiftUpdateCheck = 1330;
				LastUpgradeCheck = 1330;
				TargetAttributes = {
					7EF73189281D906600A1CFE9 = {
						CreatedOnToolsVersion = 13.3;
					};
				};
			};
			buildConfigurationList = 7EF73185281D906600A1CFE9 /* Build configuration list for PBXProject "MV-MovieApp" */;
			compatibilityVersion = "Xcode 13.0";
			developmentRegion = en;
			hasScannedForEncodings = 0;
			knownRegions = (
				en,
				Base,
			);
			mainGroup = 7EF73181281D906600A1CFE9;
			packageReferences = (
				7E5A3F98282578CD00D70F69 /* XCRemoteSwiftPackageReference "MovieDB-Wrapper" */,
				7E5A3F9B28257BA700D70F69 /* XCRemoteSwiftPackageReference "firebase-ios-sdk" */,
				7E5A3FA62825852500D70F69 /* XCRemoteSwiftPackageReference "GoogleSignIn-iOS" */,
			);
			productRefGroup = 7EF7318B281D906600A1CFE9 /* Products */;
			projectDirPath = "";
			projectRoot = "";
			targets = (
				7EF73189281D906600A1CFE9 /* MV-MovieApp */,
			);
		};
/* End PBXProject section */

/* Begin PBXResourcesBuildPhase section */
		7EF73188281D906600A1CFE9 /* Resources */ = {
			isa = PBXResourcesBuildPhase;
			buildActionMask = 2147483647;
			files = (
				7EF7319A281D906700A1CFE9 /* LaunchScreen.storyboard in Resources */,
				7EF73197281D906700A1CFE9 /* Assets.xcassets in Resources */,
				7E5A3F94282571BE00D70F69 /* GoogleService-Info.plist in Resources */,
			);
			runOnlyForDeploymentPostprocessing = 0;
		};
/* End PBXResourcesBuildPhase section */

/* Begin PBXSourcesBuildPhase section */
		7EF73186281D906600A1CFE9 /* Sources */ = {
			isa = PBXSourcesBuildPhase;
			buildActionMask = 2147483647;
			files = (
				7E39EAA0281F34A80073A591 /* RegisterRouter.swift in Sources */,
				7EF731AB281D90F500A1CFE9 /* HomeContracts.swift in Sources */,
				7E68505E281F2AED007C15B0 /* LoginRouter.swift in Sources */,
				7E39EA9A281F348E0073A591 /* RegisterContracts.swift in Sources */,
				7EF7318E281D906600A1CFE9 /* AppDelegate.swift in Sources */,
				7EF731B9281D917E00A1CFE9 /* AppContainer.swift in Sources */,
				7E68505A281F2ADD007C15B0 /* LoginInteractor.swift in Sources */,
				7E5B9061281FE1BD00D0B278 /* Constants.swift in Sources */,
				7E8A7BA1281EC884000676EC /* RegisterBuilder.swift in Sources */,
				7EF731AD281D90FB00A1CFE9 /* HomeBuilder.swift in Sources */,
				7EC7E8B4281F4467003155F1 /* BaseAuthViewController.swift in Sources */,
				7E68505C281F2AE3007C15B0 /* LoginPresenter.swift in Sources */,
				7EC7E8B8281F481D003155F1 /* SelectAuthController.swift in Sources */,
				7E5B9064281FE86A00D0B278 /* UIViewController+Ex.swift in Sources */,
				7E8A7B9C281EBC4F000676EC /* AuthAppleViewController.swift in Sources */,
				7E8A7BA3281EC88A000676EC /* RegisterViewController.swift in Sources */,
				7EF731BF281D9B3100A1CFE9 /* PopularMoviesPresentation.swift in Sources */,
				7EF731AF281D910000A1CFE9 /* HomePresenter.swift in Sources */,
				7E8A7B9A281EBB0E000676EC /* AuthContainerViewController.swift in Sources */,
				7EF731C1281D9B7C00A1CFE9 /* TopRatedMoviesPresentation.swift in Sources */,
				7EF73190281D906600A1CFE9 /* SceneDelegate.swift in Sources */,
				7E685051281F1C00007C15B0 /* LoginBuilder.swift in Sources */,
				7E8A7B9E281EBCA6000676EC /* AuthGoogleViewController.swift in Sources */,
				7E41D4C3281EE64F004E198E /* ButtonTypes.swift in Sources */,
				7EF731B3281D911000A1CFE9 /* HomeRouter.swift in Sources */,
				7E68504F281F1BFA007C15B0 /* LoginViewController.swift in Sources */,
				7E685058281F2AD1007C15B0 /* LoginContracts.swift in Sources */,
				7EF731A9281D90DA00A1CFE9 /* HomeViewController.swift in Sources */,
				7E8A7B92281EAB13000676EC /* HomeMovies.swift in Sources */,
				7EF731BB281D918F00A1CFE9 /* AppRouter.swift in Sources */,
				7E39EA9C281F34960073A591 /* RegisterInteractor.swift in Sources */,
				7E39EA9E281F34A00073A591 /* RegisterPresenter.swift in Sources */,
				7EF731B1281D910900A1CFE9 /* HomeInteractor.swift in Sources */,
			);
			runOnlyForDeploymentPostprocessing = 0;
		};
/* End PBXSourcesBuildPhase section */

/* Begin PBXVariantGroup section */
		7EF73198281D906700A1CFE9 /* LaunchScreen.storyboard */ = {
			isa = PBXVariantGroup;
			children = (
				7EF73199281D906700A1CFE9 /* Base */,
			);
			name = LaunchScreen.storyboard;
			sourceTree = "<group>";
		};
/* End PBXVariantGroup section */

/* Begin XCBuildConfiguration section */
		7EF7319C281D906700A1CFE9 /* Debug */ = {
			isa = XCBuildConfiguration;
			buildSettings = {
				ALWAYS_SEARCH_USER_PATHS = NO;
				CLANG_ANALYZER_NONNULL = YES;
				CLANG_ANALYZER_NUMBER_OBJECT_CONVERSION = YES_AGGRESSIVE;
				CLANG_CXX_LANGUAGE_STANDARD = "gnu++17";
				CLANG_ENABLE_MODULES = YES;
				CLANG_ENABLE_OBJC_ARC = YES;
				CLANG_ENABLE_OBJC_WEAK = YES;
				CLANG_WARN_BLOCK_CAPTURE_AUTORELEASING = YES;
				CLANG_WARN_BOOL_CONVERSION = YES;
				CLANG_WARN_COMMA = YES;
				CLANG_WARN_CONSTANT_CONVERSION = YES;
				CLANG_WARN_DEPRECATED_OBJC_IMPLEMENTATIONS = YES;
				CLANG_WARN_DIRECT_OBJC_ISA_USAGE = YES_ERROR;
				CLANG_WARN_DOCUMENTATION_COMMENTS = YES;
				CLANG_WARN_EMPTY_BODY = YES;
				CLANG_WARN_ENUM_CONVERSION = YES;
				CLANG_WARN_INFINITE_RECURSION = YES;
				CLANG_WARN_INT_CONVERSION = YES;
				CLANG_WARN_NON_LITERAL_NULL_CONVERSION = YES;
				CLANG_WARN_OBJC_IMPLICIT_RETAIN_SELF = YES;
				CLANG_WARN_OBJC_LITERAL_CONVERSION = YES;
				CLANG_WARN_OBJC_ROOT_CLASS = YES_ERROR;
				CLANG_WARN_QUOTED_INCLUDE_IN_FRAMEWORK_HEADER = YES;
				CLANG_WARN_RANGE_LOOP_ANALYSIS = YES;
				CLANG_WARN_STRICT_PROTOTYPES = YES;
				CLANG_WARN_SUSPICIOUS_MOVE = YES;
				CLANG_WARN_UNGUARDED_AVAILABILITY = YES_AGGRESSIVE;
				CLANG_WARN_UNREACHABLE_CODE = YES;
				CLANG_WARN__DUPLICATE_METHOD_MATCH = YES;
				COPY_PHASE_STRIP = NO;
				DEBUG_INFORMATION_FORMAT = dwarf;
				ENABLE_STRICT_OBJC_MSGSEND = YES;
				ENABLE_TESTABILITY = YES;
				GCC_C_LANGUAGE_STANDARD = gnu11;
				GCC_DYNAMIC_NO_PIC = NO;
				GCC_NO_COMMON_BLOCKS = YES;
				GCC_OPTIMIZATION_LEVEL = 0;
				GCC_PREPROCESSOR_DEFINITIONS = (
					"DEBUG=1",
					"$(inherited)",
				);
				GCC_WARN_64_TO_32_BIT_CONVERSION = YES;
				GCC_WARN_ABOUT_RETURN_TYPE = YES_ERROR;
				GCC_WARN_UNDECLARED_SELECTOR = YES;
				GCC_WARN_UNINITIALIZED_AUTOS = YES_AGGRESSIVE;
				GCC_WARN_UNUSED_FUNCTION = YES;
				GCC_WARN_UNUSED_VARIABLE = YES;
				IPHONEOS_DEPLOYMENT_TARGET = 15.0;
				MTL_ENABLE_DEBUG_INFO = INCLUDE_SOURCE;
				MTL_FAST_MATH = YES;
				ONLY_ACTIVE_ARCH = YES;
				SDKROOT = iphoneos;
				SWIFT_ACTIVE_COMPILATION_CONDITIONS = DEBUG;
				SWIFT_OPTIMIZATION_LEVEL = "-Onone";
			};
			name = Debug;
		};
		7EF7319D281D906700A1CFE9 /* Release */ = {
			isa = XCBuildConfiguration;
			buildSettings = {
				ALWAYS_SEARCH_USER_PATHS = NO;
				CLANG_ANALYZER_NONNULL = YES;
				CLANG_ANALYZER_NUMBER_OBJECT_CONVERSION = YES_AGGRESSIVE;
				CLANG_CXX_LANGUAGE_STANDARD = "gnu++17";
				CLANG_ENABLE_MODULES = YES;
				CLANG_ENABLE_OBJC_ARC = YES;
				CLANG_ENABLE_OBJC_WEAK = YES;
				CLANG_WARN_BLOCK_CAPTURE_AUTORELEASING = YES;
				CLANG_WARN_BOOL_CONVERSION = YES;
				CLANG_WARN_COMMA = YES;
				CLANG_WARN_CONSTANT_CONVERSION = YES;
				CLANG_WARN_DEPRECATED_OBJC_IMPLEMENTATIONS = YES;
				CLANG_WARN_DIRECT_OBJC_ISA_USAGE = YES_ERROR;
				CLANG_WARN_DOCUMENTATION_COMMENTS = YES;
				CLANG_WARN_EMPTY_BODY = YES;
				CLANG_WARN_ENUM_CONVERSION = YES;
				CLANG_WARN_INFINITE_RECURSION = YES;
				CLANG_WARN_INT_CONVERSION = YES;
				CLANG_WARN_NON_LITERAL_NULL_CONVERSION = YES;
				CLANG_WARN_OBJC_IMPLICIT_RETAIN_SELF = YES;
				CLANG_WARN_OBJC_LITERAL_CONVERSION = YES;
				CLANG_WARN_OBJC_ROOT_CLASS = YES_ERROR;
				CLANG_WARN_QUOTED_INCLUDE_IN_FRAMEWORK_HEADER = YES;
				CLANG_WARN_RANGE_LOOP_ANALYSIS = YES;
				CLANG_WARN_STRICT_PROTOTYPES = YES;
				CLANG_WARN_SUSPICIOUS_MOVE = YES;
				CLANG_WARN_UNGUARDED_AVAILABILITY = YES_AGGRESSIVE;
				CLANG_WARN_UNREACHABLE_CODE = YES;
				CLANG_WARN__DUPLICATE_METHOD_MATCH = YES;
				COPY_PHASE_STRIP = NO;
				DEBUG_INFORMATION_FORMAT = "dwarf-with-dsym";
				ENABLE_NS_ASSERTIONS = NO;
				ENABLE_STRICT_OBJC_MSGSEND = YES;
				GCC_C_LANGUAGE_STANDARD = gnu11;
				GCC_NO_COMMON_BLOCKS = YES;
				GCC_WARN_64_TO_32_BIT_CONVERSION = YES;
				GCC_WARN_ABOUT_RETURN_TYPE = YES_ERROR;
				GCC_WARN_UNDECLARED_SELECTOR = YES;
				GCC_WARN_UNINITIALIZED_AUTOS = YES_AGGRESSIVE;
				GCC_WARN_UNUSED_FUNCTION = YES;
				GCC_WARN_UNUSED_VARIABLE = YES;
				IPHONEOS_DEPLOYMENT_TARGET = 15.0;
				MTL_ENABLE_DEBUG_INFO = NO;
				MTL_FAST_MATH = YES;
				SDKROOT = iphoneos;
				SWIFT_COMPILATION_MODE = wholemodule;
				SWIFT_OPTIMIZATION_LEVEL = "-O";
				VALIDATE_PRODUCT = YES;
			};
			name = Release;
		};
		7EF7319F281D906700A1CFE9 /* Debug */ = {
			isa = XCBuildConfiguration;
			buildSettings = {
				ASSETCATALOG_COMPILER_APPICON_NAME = AppIcon;
				ASSETCATALOG_COMPILER_GLOBAL_ACCENT_COLOR_NAME = AccentColor;
				CODE_SIGN_ENTITLEMENTS = "MV-MovieApp/MV-MovieApp.entitlements";
				CODE_SIGN_STYLE = Automatic;
				CURRENT_PROJECT_VERSION = 1;
				DEVELOPMENT_TEAM = 6RJTF64F9S;
				GENERATE_INFOPLIST_FILE = YES;
				INFOPLIST_FILE = "MV-MovieApp/Info.plist";
				INFOPLIST_KEY_UIApplicationSupportsIndirectInputEvents = YES;
				INFOPLIST_KEY_UILaunchStoryboardName = LaunchScreen;
				INFOPLIST_KEY_UISupportedInterfaceOrientations = UIInterfaceOrientationPortrait;
				INFOPLIST_KEY_UISupportedInterfaceOrientations_iPad = "UIInterfaceOrientationPortrait UIInterfaceOrientationPortraitUpsideDown UIInterfaceOrientationLandscapeLeft UIInterfaceOrientationLandscapeRight";
				INFOPLIST_KEY_UISupportedInterfaceOrientations_iPhone = "UIInterfaceOrientationPortrait UIInterfaceOrientationLandscapeLeft UIInterfaceOrientationLandscapeRight";
				LD_RUNPATH_SEARCH_PATHS = (
					"$(inherited)",
					"@executable_path/Frameworks",
				);
				MARKETING_VERSION = 1.0;
				PRODUCT_BUNDLE_IDENTIFIER = "demo.MV-MovieApp";
				PRODUCT_NAME = "$(TARGET_NAME)";
				SWIFT_EMIT_LOC_STRINGS = YES;
				SWIFT_VERSION = 5.0;
				TARGETED_DEVICE_FAMILY = "1,2";
			};
			name = Debug;
		};
		7EF731A0281D906700A1CFE9 /* Release */ = {
			isa = XCBuildConfiguration;
			buildSettings = {
				ASSETCATALOG_COMPILER_APPICON_NAME = AppIcon;
				ASSETCATALOG_COMPILER_GLOBAL_ACCENT_COLOR_NAME = AccentColor;
				CODE_SIGN_ENTITLEMENTS = "MV-MovieApp/MV-MovieApp.entitlements";
				CODE_SIGN_STYLE = Automatic;
				CURRENT_PROJECT_VERSION = 1;
				DEVELOPMENT_TEAM = 6RJTF64F9S;
				GENERATE_INFOPLIST_FILE = YES;
				INFOPLIST_FILE = "MV-MovieApp/Info.plist";
				INFOPLIST_KEY_UIApplicationSupportsIndirectInputEvents = YES;
				INFOPLIST_KEY_UILaunchStoryboardName = LaunchScreen;
				INFOPLIST_KEY_UISupportedInterfaceOrientations = UIInterfaceOrientationPortrait;
				INFOPLIST_KEY_UISupportedInterfaceOrientations_iPad = "UIInterfaceOrientationPortrait UIInterfaceOrientationPortraitUpsideDown UIInterfaceOrientationLandscapeLeft UIInterfaceOrientationLandscapeRight";
				INFOPLIST_KEY_UISupportedInterfaceOrientations_iPhone = "UIInterfaceOrientationPortrait UIInterfaceOrientationLandscapeLeft UIInterfaceOrientationLandscapeRight";
				LD_RUNPATH_SEARCH_PATHS = (
					"$(inherited)",
					"@executable_path/Frameworks",
				);
				MARKETING_VERSION = 1.0;
				PRODUCT_BUNDLE_IDENTIFIER = "demo.MV-MovieApp";
				PRODUCT_NAME = "$(TARGET_NAME)";
				SWIFT_EMIT_LOC_STRINGS = YES;
				SWIFT_VERSION = 5.0;
				TARGETED_DEVICE_FAMILY = "1,2";
			};
			name = Release;
		};
/* End XCBuildConfiguration section */

/* Begin XCConfigurationList section */
		7EF73185281D906600A1CFE9 /* Build configuration list for PBXProject "MV-MovieApp" */ = {
			isa = XCConfigurationList;
			buildConfigurations = (
				7EF7319C281D906700A1CFE9 /* Debug */,
				7EF7319D281D906700A1CFE9 /* Release */,
			);
			defaultConfigurationIsVisible = 0;
			defaultConfigurationName = Release;
		};
		7EF7319E281D906700A1CFE9 /* Build configuration list for PBXNativeTarget "MV-MovieApp" */ = {
			isa = XCConfigurationList;
			buildConfigurations = (
				7EF7319F281D906700A1CFE9 /* Debug */,
				7EF731A0281D906700A1CFE9 /* Release */,
			);
			defaultConfigurationIsVisible = 0;
			defaultConfigurationName = Release;
		};
/* End XCConfigurationList section */

/* Begin XCRemoteSwiftPackageReference section */
		7E5A3F98282578CD00D70F69 /* XCRemoteSwiftPackageReference "MovieDB-Wrapper" */ = {
			isa = XCRemoteSwiftPackageReference;
			repositoryURL = "https://github.com/cemnisan/MovieDB-Wrapper.git";
			requirement = {
				branch = main;
				kind = branch;
			};
		};
		7E5A3F9B28257BA700D70F69 /* XCRemoteSwiftPackageReference "firebase-ios-sdk" */ = {
			isa = XCRemoteSwiftPackageReference;
			repositoryURL = "https://github.com/firebase/firebase-ios-sdk";
			requirement = {
				kind = upToNextMajorVersion;
				minimumVersion = 9.0.0;
			};
		};
		7E5A3FA62825852500D70F69 /* XCRemoteSwiftPackageReference "GoogleSignIn-iOS" */ = {
			isa = XCRemoteSwiftPackageReference;
			repositoryURL = "https://github.com/google/GoogleSignIn-iOS.git";
			requirement = {
				kind = upToNextMajorVersion;
				minimumVersion = 6.0.0;
			};
		};
/* End XCRemoteSwiftPackageReference section */

/* Begin XCSwiftPackageProductDependency section */
		7E5A3F99282578CD00D70F69 /* MovieDB-Wrapper */ = {
			isa = XCSwiftPackageProductDependency;
			package = 7E5A3F98282578CD00D70F69 /* XCRemoteSwiftPackageReference "MovieDB-Wrapper" */;
			productName = "MovieDB-Wrapper";
		};
		7E5A3F9C28257BA700D70F69 /* FirebaseAnalytics */ = {
			isa = XCSwiftPackageProductDependency;
			package = 7E5A3F9B28257BA700D70F69 /* XCRemoteSwiftPackageReference "firebase-ios-sdk" */;
			productName = FirebaseAnalytics;
		};
		7E5A3F9E28257BA700D70F69 /* FirebaseAnalyticsSwift */ = {
			isa = XCSwiftPackageProductDependency;
			package = 7E5A3F9B28257BA700D70F69 /* XCRemoteSwiftPackageReference "firebase-ios-sdk" */;
			productName = FirebaseAnalyticsSwift;
		};
		7E5A3FA028257BA700D70F69 /* FirebaseAuth */ = {
			isa = XCSwiftPackageProductDependency;
			package = 7E5A3F9B28257BA700D70F69 /* XCRemoteSwiftPackageReference "firebase-ios-sdk" */;
			productName = FirebaseAuth;
		};
		7E5A3FA228257BA700D70F69 /* FirebaseCrashlytics */ = {
			isa = XCSwiftPackageProductDependency;
			package = 7E5A3F9B28257BA700D70F69 /* XCRemoteSwiftPackageReference "firebase-ios-sdk" */;
			productName = FirebaseCrashlytics;
		};
		7E5A3FA428257BA700D70F69 /* FirebaseDynamicLinks */ = {
			isa = XCSwiftPackageProductDependency;
			package = 7E5A3F9B28257BA700D70F69 /* XCRemoteSwiftPackageReference "firebase-ios-sdk" */;
			productName = FirebaseDynamicLinks;
		};
		7E5A3FA72825852500D70F69 /* GoogleSignIn */ = {
			isa = XCSwiftPackageProductDependency;
			package = 7E5A3FA62825852500D70F69 /* XCRemoteSwiftPackageReference "GoogleSignIn-iOS" */;
			productName = GoogleSignIn;
		};
		7E8A7B93281EACF6000676EC /* MV-Components */ = {
			isa = XCSwiftPackageProductDependency;
			productName = "MV-Components";
		};
		7EF731A2281D907300A1CFE9 /* MovieDB-Wrapper */ = {
			isa = XCSwiftPackageProductDependency;
			productName = "MovieDB-Wrapper";
		};
/* End XCSwiftPackageProductDependency section */
	};
	rootObject = 7EF73182281D906600A1CFE9 /* Project object */;
}
